
Microsoft Visual Studio Solution File, Format Version 12.00
# Visual Studio 15
VisualStudioVersion = 15.0.27703.2042
MinimumVisualStudioVersion = 10.0.40219.1
Project("{9A19103F-16F7-4668-BE54-9A1E7A4F7556}") = "WWSLib", "WWSLib\WWSLib.csproj", "{3B01F6FC-EE70-4FC8-B3C0-811C33B358C3}"
EndProject
Project("{2150E333-8FDC-42A3-9474-1A3956D46DE8}") = "Solution Items", "Solution Items", "{42AE144F-5CD8-45B6-A35A-A76F9B3A381C}"
	ProjectSection(SolutionItems) = preProject
		.gitignore = .gitignore
		LICENSE = LICENSE
		README.md = README.md
		todo.txt = todo.txt
	EndProjectSection
EndProject
Project("{FAE04EC0-301F-11D3-BF4B-00C04F79EFBC}") = "Test", "Test\Test.csproj", "{94222EFC-F15E-4279-AD4C-FA9CC0063732}"
EndProject
Global
	GlobalSection(SolutionConfigurationPlatforms) = preSolution
		Debug|Any CPU = Debug|Any CPU
		Release|Any CPU = Release|Any CPU
	EndGlobalSection
	GlobalSection(ProjectConfigurationPlatforms) = postSolution
		{3B01F6FC-EE70-4FC8-B3C0-811C33B358C3}.Debug|Any CPU.ActiveCfg = Debug|Any CPU
		{3B01F6FC-EE70-4FC8-B3C0-811C33B358C3}.Debug|Any CPU.Build.0 = Debug|Any CPU
		{3B01F6FC-EE70-4FC8-B3C0-811C33B358C3}.Release|Any CPU.ActiveCfg = Release|Any CPU
		{3B01F6FC-EE70-4FC8-B3C0-811C33B358C3}.Release|Any CPU.Build.0 = Release|Any CPU
		{94222EFC-F15E-4279-AD4C-FA9CC0063732}.Debug|Any CPU.ActiveCfg = Debug|Any CPU
		{94222EFC-F15E-4279-AD4C-FA9CC0063732}.Debug|Any CPU.Build.0 = Debug|Any CPU
		{94222EFC-F15E-4279-AD4C-FA9CC0063732}.Release|Any CPU.ActiveCfg = Release|Any CPU
		{94222EFC-F15E-4279-AD4C-FA9CC0063732}.Release|Any CPU.Build.0 = Release|Any CPU
	EndGlobalSection
	GlobalSection(SolutionProperties) = preSolution
		HideSolutionNode = FALSE
	EndGlobalSection
	GlobalSection(ExtensibilityGlobals) = postSolution
		SolutionGuid = {0DB1B5A0-236A-46E0-AAE6-2C65DA4237E6}
	EndGlobalSection
EndGlobal
